
Microsoft Visual Studio Solution File, Format Version 12.00
# Visual Studio Version 17
VisualStudioVersion = 17.3.32901.215
MinimumVisualStudioVersion = 10.0.40219.1
Project("{FAE04EC0-301F-11D3-BF4B-00C04F79EFBC}") = "ShoppingList", "ShoppingList\ShoppingList.csproj", "{43B24AD8-F97B-47BF-B724-EE4F96BCE2CA}"
EndProject
Global
	GlobalSection(SolutionConfigurationPlatforms) = preSolution
		Debug|Any CPU = Debug|Any CPU
		Release|Any CPU = Release|Any CPU
	EndGlobalSection
	GlobalSection(ProjectConfigurationPlatforms) = postSolution
		{43B24AD8-F97B-47BF-B724-EE4F96BCE2CA}.Debug|Any CPU.ActiveCfg = Debug|Any CPU
		{43B24AD8-F97B-47BF-B724-EE4F96BCE2CA}.Debug|Any CPU.Build.0 = Debug|Any CPU
		{43B24AD8-F97B-47BF-B724-EE4F96BCE2CA}.Release|Any CPU.ActiveCfg = Release|Any CPU
		{43B24AD8-F97B-47BF-B724-EE4F96BCE2CA}.Release|Any CPU.Build.0 = Release|Any CPU
	EndGlobalSection
	GlobalSection(SolutionProperties) = preSolution
		HideSolutionNode = FALSE
	EndGlobalSection
	GlobalSection(ExtensibilityGlobals) = postSolution
		SolutionGuid = {FDEB889E-909F-4A56-99BB-BCC4671CE10F}
	EndGlobalSection
EndGlobal
